
Microsoft Visual Studio Solution File, Format Version 12.00
# Visual Studio Version 17
VisualStudioVersion = 17.1.32228.430
MinimumVisualStudioVersion = 10.0.40219.1
Project("{2150E333-8FDC-42A3-9474-1A3956D46DE8}") = "src", "src", "{15E2353A-28EF-4FC8-8DBB-DBE7131A3B23}"
EndProject
Project("{2150E333-8FDC-42A3-9474-1A3956D46DE8}") = "test", "test", "{0C6F410E-CD15-4F36-AA47-36245502A513}"
EndProject
Project("{2150E333-8FDC-42A3-9474-1A3956D46DE8}") = "common", "common", "{12010E1B-D3ED-43D6-85E5-84FA1E4325BA}"
EndProject
Project("{9A19103F-16F7-4668-BE54-9A1E7A4F7556}") = "Algorithm", "src\common\Algorithm\Algorithm.csproj", "{C523C120-CD47-486A-935B-8941D596590C}"
EndProject
Project("{9A19103F-16F7-4668-BE54-9A1E7A4F7556}") = "Algorithm.Tests", "test\Algorithm.Tests\Algorithm.Tests.csproj", "{C4E8647B-C664-4570-9A4A-DF879344E04D}"
EndProject
Project("{9A19103F-16F7-4668-BE54-9A1E7A4F7556}") = "Algorithm.Decorations", "src\common\Algorithm.Decorations\Algorithm.Decorations.csproj", "{A16BDD39-A40F-4F50-929D-DAD53EB85908}"
EndProject
Project("{2150E333-8FDC-42A3-9474-1A3956D46DE8}") = "problems", "problems", "{51B6FF0D-9B50-4B69-8E72-0FEC3F6EF2E0}"
EndProject
Project("{9A19103F-16F7-4668-BE54-9A1E7A4F7556}") = "CTCI.Decorations", "src\problems\CrackTheCodingInterview\CTCI.Decorations\CTCI.Decorations.csproj", "{8E437C30-4BDE-4B17-9CD7-54CBE896CD1A}"
EndProject
Project("{2150E333-8FDC-42A3-9474-1A3956D46DE8}") = "CrackTheCodingInterview", "CrackTheCodingInterview", "{93CAD297-0B8D-4E6D-991E-192C411DAC47}"
EndProject
Project("{2150E333-8FDC-42A3-9474-1A3956D46DE8}") = "LeetCode", "LeetCode", "{33A15094-2F53-4013-A479-57CDF9A1E5B4}"
EndProject
Project("{2150E333-8FDC-42A3-9474-1A3956D46DE8}") = "HackerRank", "HackerRank", "{D21E2161-DB6A-4081-9CDD-41770FD6AA12}"
EndProject
Project("{9A19103F-16F7-4668-BE54-9A1E7A4F7556}") = "HR.Decorations", "src\problems\HackerRank\HR.Decorations\HR.Decorations.csproj", "{271ED674-E5BF-4596-A8D6-98366421686C}"
EndProject
Project("{9A19103F-16F7-4668-BE54-9A1E7A4F7556}") = "LC.Decorations", "src\problems\LeetCode\LC.Decorations\LC.Decorations.csproj", "{D0F75F17-2550-4FD8-A0C5-352CB9A93EB5}"
EndProject
Project("{9A19103F-16F7-4668-BE54-9A1E7A4F7556}") = "CTCI.Problems", "src\problems\CrackTheCodingInterview\CTCI.Problems\CTCI.Problems.csproj", "{E16E81AD-A04A-4444-A498-492498AE2A20}"
EndProject
Project("{9A19103F-16F7-4668-BE54-9A1E7A4F7556}") = "LC.Problems", "src\problems\LeetCode\LC.Problems\LC.Problems.csproj", "{803C9F8D-49AD-496A-821A-17DFC22C8220}"
EndProject
Project("{9A19103F-16F7-4668-BE54-9A1E7A4F7556}") = "HR.Problems", "src\problems\HackerRank\HR.Problems\HR.Problems.csproj", "{A14E5F3B-A556-454A-A927-AD808C4F0205}"
EndProject
Project("{9A19103F-16F7-4668-BE54-9A1E7A4F7556}") = "Tests.Common", "test\Tests.Common\Tests.Common.csproj", "{9EDFD9F4-7ADF-4939-99C5-D3430CC85034}"
EndProject
Project("{9A19103F-16F7-4668-BE54-9A1E7A4F7556}") = "CTCI.Tests", "test\CTCI.Tests\CTCI.Tests.csproj", "{DCBEAF79-6C2F-44E0-A005-0B88936FD427}"
EndProject
Project("{9A19103F-16F7-4668-BE54-9A1E7A4F7556}") = "LC.Tests", "test\LC.Tests\LC.Tests.csproj", "{07370EB9-DD8D-4629-8C39-5DD08E4D4858}"
EndProject
Project("{FAE04EC0-301F-11D3-BF4B-00C04F79EFBC}") = "Mathematics.Abstractions", "src\common\Mathematics.Abstractions\Mathematics.Abstractions.csproj", "{C41798C2-9B31-4688-B317-93894F490591}"
EndProject
Project("{FAE04EC0-301F-11D3-BF4B-00C04F79EFBC}") = "Mathematics.IntegralTypes", "src\common\Mathematics.IntegralTypes\Mathematics.IntegralTypes.csproj", "{20E82E7C-9EFA-4C27-9A0F-BDD8606112C8}"
EndProject
Global
	GlobalSection(SolutionConfigurationPlatforms) = preSolution
		Debug|Any CPU = Debug|Any CPU
		Release|Any CPU = Release|Any CPU
	EndGlobalSection
	GlobalSection(ProjectConfigurationPlatforms) = postSolution
		{C523C120-CD47-486A-935B-8941D596590C}.Debug|Any CPU.ActiveCfg = Debug|Any CPU
		{C523C120-CD47-486A-935B-8941D596590C}.Debug|Any CPU.Build.0 = Debug|Any CPU
		{C523C120-CD47-486A-935B-8941D596590C}.Release|Any CPU.ActiveCfg = Release|Any CPU
		{C523C120-CD47-486A-935B-8941D596590C}.Release|Any CPU.Build.0 = Release|Any CPU
		{C4E8647B-C664-4570-9A4A-DF879344E04D}.Debug|Any CPU.ActiveCfg = Debug|Any CPU
		{C4E8647B-C664-4570-9A4A-DF879344E04D}.Debug|Any CPU.Build.0 = Debug|Any CPU
		{C4E8647B-C664-4570-9A4A-DF879344E04D}.Release|Any CPU.ActiveCfg = Release|Any CPU
		{C4E8647B-C664-4570-9A4A-DF879344E04D}.Release|Any CPU.Build.0 = Release|Any CPU
		{A16BDD39-A40F-4F50-929D-DAD53EB85908}.Debug|Any CPU.ActiveCfg = Debug|Any CPU
		{A16BDD39-A40F-4F50-929D-DAD53EB85908}.Debug|Any CPU.Build.0 = Debug|Any CPU
		{A16BDD39-A40F-4F50-929D-DAD53EB85908}.Release|Any CPU.ActiveCfg = Release|Any CPU
		{A16BDD39-A40F-4F50-929D-DAD53EB85908}.Release|Any CPU.Build.0 = Release|Any CPU
		{8E437C30-4BDE-4B17-9CD7-54CBE896CD1A}.Debug|Any CPU.ActiveCfg = Debug|Any CPU
		{8E437C30-4BDE-4B17-9CD7-54CBE896CD1A}.Debug|Any CPU.Build.0 = Debug|Any CPU
		{8E437C30-4BDE-4B17-9CD7-54CBE896CD1A}.Release|Any CPU.ActiveCfg = Release|Any CPU
		{8E437C30-4BDE-4B17-9CD7-54CBE896CD1A}.Release|Any CPU.Build.0 = Release|Any CPU
		{271ED674-E5BF-4596-A8D6-98366421686C}.Debug|Any CPU.ActiveCfg = Debug|Any CPU
		{271ED674-E5BF-4596-A8D6-98366421686C}.Debug|Any CPU.Build.0 = Debug|Any CPU
		{271ED674-E5BF-4596-A8D6-98366421686C}.Release|Any CPU.ActiveCfg = Release|Any CPU
		{271ED674-E5BF-4596-A8D6-98366421686C}.Release|Any CPU.Build.0 = Release|Any CPU
		{D0F75F17-2550-4FD8-A0C5-352CB9A93EB5}.Debug|Any CPU.ActiveCfg = Debug|Any CPU
		{D0F75F17-2550-4FD8-A0C5-352CB9A93EB5}.Debug|Any CPU.Build.0 = Debug|Any CPU
		{D0F75F17-2550-4FD8-A0C5-352CB9A93EB5}.Release|Any CPU.ActiveCfg = Release|Any CPU
		{D0F75F17-2550-4FD8-A0C5-352CB9A93EB5}.Release|Any CPU.Build.0 = Release|Any CPU
		{E16E81AD-A04A-4444-A498-492498AE2A20}.Debug|Any CPU.ActiveCfg = Debug|Any CPU
		{E16E81AD-A04A-4444-A498-492498AE2A20}.Debug|Any CPU.Build.0 = Debug|Any CPU
		{E16E81AD-A04A-4444-A498-492498AE2A20}.Release|Any CPU.ActiveCfg = Release|Any CPU
		{E16E81AD-A04A-4444-A498-492498AE2A20}.Release|Any CPU.Build.0 = Release|Any CPU
		{803C9F8D-49AD-496A-821A-17DFC22C8220}.Debug|Any CPU.ActiveCfg = Debug|Any CPU
		{803C9F8D-49AD-496A-821A-17DFC22C8220}.Debug|Any CPU.Build.0 = Debug|Any CPU
		{803C9F8D-49AD-496A-821A-17DFC22C8220}.Release|Any CPU.ActiveCfg = Release|Any CPU
		{803C9F8D-49AD-496A-821A-17DFC22C8220}.Release|Any CPU.Build.0 = Release|Any CPU
		{A14E5F3B-A556-454A-A927-AD808C4F0205}.Debug|Any CPU.ActiveCfg = Debug|Any CPU
		{A14E5F3B-A556-454A-A927-AD808C4F0205}.Debug|Any CPU.Build.0 = Debug|Any CPU
		{A14E5F3B-A556-454A-A927-AD808C4F0205}.Release|Any CPU.ActiveCfg = Release|Any CPU
		{A14E5F3B-A556-454A-A927-AD808C4F0205}.Release|Any CPU.Build.0 = Release|Any CPU
		{9EDFD9F4-7ADF-4939-99C5-D3430CC85034}.Debug|Any CPU.ActiveCfg = Debug|Any CPU
		{9EDFD9F4-7ADF-4939-99C5-D3430CC85034}.Debug|Any CPU.Build.0 = Debug|Any CPU
		{9EDFD9F4-7ADF-4939-99C5-D3430CC85034}.Release|Any CPU.ActiveCfg = Release|Any CPU
		{9EDFD9F4-7ADF-4939-99C5-D3430CC85034}.Release|Any CPU.Build.0 = Release|Any CPU
		{DCBEAF79-6C2F-44E0-A005-0B88936FD427}.Debug|Any CPU.ActiveCfg = Debug|Any CPU
		{DCBEAF79-6C2F-44E0-A005-0B88936FD427}.Debug|Any CPU.Build.0 = Debug|Any CPU
		{DCBEAF79-6C2F-44E0-A005-0B88936FD427}.Release|Any CPU.ActiveCfg = Release|Any CPU
		{DCBEAF79-6C2F-44E0-A005-0B88936FD427}.Release|Any CPU.Build.0 = Release|Any CPU
		{07370EB9-DD8D-4629-8C39-5DD08E4D4858}.Debug|Any CPU.ActiveCfg = Debug|Any CPU
		{07370EB9-DD8D-4629-8C39-5DD08E4D4858}.Debug|Any CPU.Build.0 = Debug|Any CPU
		{07370EB9-DD8D-4629-8C39-5DD08E4D4858}.Release|Any CPU.ActiveCfg = Release|Any CPU
		{07370EB9-DD8D-4629-8C39-5DD08E4D4858}.Release|Any CPU.Build.0 = Release|Any CPU
		{C41798C2-9B31-4688-B317-93894F490591}.Debug|Any CPU.ActiveCfg = Debug|Any CPU
		{C41798C2-9B31-4688-B317-93894F490591}.Debug|Any CPU.Build.0 = Debug|Any CPU
		{C41798C2-9B31-4688-B317-93894F490591}.Release|Any CPU.ActiveCfg = Release|Any CPU
		{C41798C2-9B31-4688-B317-93894F490591}.Release|Any CPU.Build.0 = Release|Any CPU
		{20E82E7C-9EFA-4C27-9A0F-BDD8606112C8}.Debug|Any CPU.ActiveCfg = Debug|Any CPU
		{20E82E7C-9EFA-4C27-9A0F-BDD8606112C8}.Debug|Any CPU.Build.0 = Debug|Any CPU
		{20E82E7C-9EFA-4C27-9A0F-BDD8606112C8}.Release|Any CPU.ActiveCfg = Release|Any CPU
		{20E82E7C-9EFA-4C27-9A0F-BDD8606112C8}.Release|Any CPU.Build.0 = Release|Any CPU
	EndGlobalSection
	GlobalSection(SolutionProperties) = preSolution
		HideSolutionNode = FALSE
	EndGlobalSection
	GlobalSection(NestedProjects) = preSolution
		{12010E1B-D3ED-43D6-85E5-84FA1E4325BA} = {15E2353A-28EF-4FC8-8DBB-DBE7131A3B23}
		{C523C120-CD47-486A-935B-8941D596590C} = {12010E1B-D3ED-43D6-85E5-84FA1E4325BA}
		{C4E8647B-C664-4570-9A4A-DF879344E04D} = {0C6F410E-CD15-4F36-AA47-36245502A513}
		{A16BDD39-A40F-4F50-929D-DAD53EB85908} = {12010E1B-D3ED-43D6-85E5-84FA1E4325BA}
		{51B6FF0D-9B50-4B69-8E72-0FEC3F6EF2E0} = {15E2353A-28EF-4FC8-8DBB-DBE7131A3B23}
		{8E437C30-4BDE-4B17-9CD7-54CBE896CD1A} = {93CAD297-0B8D-4E6D-991E-192C411DAC47}
		{93CAD297-0B8D-4E6D-991E-192C411DAC47} = {51B6FF0D-9B50-4B69-8E72-0FEC3F6EF2E0}
		{33A15094-2F53-4013-A479-57CDF9A1E5B4} = {51B6FF0D-9B50-4B69-8E72-0FEC3F6EF2E0}
		{D21E2161-DB6A-4081-9CDD-41770FD6AA12} = {51B6FF0D-9B50-4B69-8E72-0FEC3F6EF2E0}
		{271ED674-E5BF-4596-A8D6-98366421686C} = {D21E2161-DB6A-4081-9CDD-41770FD6AA12}
		{D0F75F17-2550-4FD8-A0C5-352CB9A93EB5} = {33A15094-2F53-4013-A479-57CDF9A1E5B4}
		{E16E81AD-A04A-4444-A498-492498AE2A20} = {93CAD297-0B8D-4E6D-991E-192C411DAC47}
		{803C9F8D-49AD-496A-821A-17DFC22C8220} = {33A15094-2F53-4013-A479-57CDF9A1E5B4}
		{A14E5F3B-A556-454A-A927-AD808C4F0205} = {D21E2161-DB6A-4081-9CDD-41770FD6AA12}
		{9EDFD9F4-7ADF-4939-99C5-D3430CC85034} = {0C6F410E-CD15-4F36-AA47-36245502A513}
		{DCBEAF79-6C2F-44E0-A005-0B88936FD427} = {0C6F410E-CD15-4F36-AA47-36245502A513}
		{07370EB9-DD8D-4629-8C39-5DD08E4D4858} = {0C6F410E-CD15-4F36-AA47-36245502A513}
		{C41798C2-9B31-4688-B317-93894F490591} = {12010E1B-D3ED-43D6-85E5-84FA1E4325BA}
		{20E82E7C-9EFA-4C27-9A0F-BDD8606112C8} = {12010E1B-D3ED-43D6-85E5-84FA1E4325BA}
	EndGlobalSection
	GlobalSection(ExtensibilityGlobals) = postSolution
		SolutionGuid = {9930C59B-2D9D-4BED-825D-AD441803C806}
	EndGlobalSection
EndGlobal
